
Microsoft Visual Studio Solution File, Format Version 12.00
# Visual Studio Version 17
VisualStudioVersion = 17.9.34723.18
MinimumVisualStudioVersion = 10.0.40219.1
Project("{FAE04EC0-301F-11D3-BF4B-00C04F79EFBC}") = "firstapp", "firstapp\firstapp.csproj", "{DFF2BA69-B9D8-4DF9-BDA2-5B3DAAA88E23}"
EndProject
Global
	GlobalSection(SolutionConfigurationPlatforms) = preSolution
		Debug|Any CPU = Debug|Any CPU
		Release|Any CPU = Release|Any CPU
	EndGlobalSection
	GlobalSection(ProjectConfigurationPlatforms) = postSolution
		{DFF2BA69-B9D8-4DF9-BDA2-5B3DAAA88E23}.Debug|Any CPU.ActiveCfg = Debug|Any CPU
		{DFF2BA69-B9D8-4DF9-BDA2-5B3DAAA88E23}.Debug|Any CPU.Build.0 = Debug|Any CPU
		{DFF2BA69-B9D8-4DF9-BDA2-5B3DAAA88E23}.Release|Any CPU.ActiveCfg = Release|Any CPU
		{DFF2BA69-B9D8-4DF9-BDA2-5B3DAAA88E23}.Release|Any CPU.Build.0 = Release|Any CPU
	EndGlobalSection
	GlobalSection(SolutionProperties) = preSolution
		HideSolutionNode = FALSE
	EndGlobalSection
	GlobalSection(ExtensibilityGlobals) = postSolution
		SolutionGuid = {57FD51DF-7DE9-44F5-BC5F-2D6EE5F623AE}
	EndGlobalSection
EndGlobal
